
Microsoft Visual Studio Solution File, Format Version 12.00
# Visual Studio Version 16
VisualStudioVersion = 16.0.32106.194
MinimumVisualStudioVersion = 10.0.40219.1
Project("{C9674DCB-5085-4A16-B785-4C70DD1589BD}") = "SPETLProcess", "SPETLProcess\SPETLProcess.dtproj", "{FADF9F0E-1701-4152-B6E5-01C52ABB225F}"
EndProject
Global
	GlobalSection(SolutionConfigurationPlatforms) = preSolution
		Development|Default = Development|Default
	EndGlobalSection
	GlobalSection(ProjectConfigurationPlatforms) = postSolution
		{FADF9F0E-1701-4152-B6E5-01C52ABB225F}.Development|Default.ActiveCfg = Development
		{FADF9F0E-1701-4152-B6E5-01C52ABB225F}.Development|Default.Build.0 = Development
	EndGlobalSection
	GlobalSection(SolutionProperties) = preSolution
		HideSolutionNode = FALSE
	EndGlobalSection
	GlobalSection(ExtensibilityGlobals) = postSolution
		SolutionGuid = {F8A41E68-3658-47E1-8823-2C0C6EB6262D}
	EndGlobalSection
EndGlobal
